// !$*UTF8*$!
{
	archiveVersion = 1;
	classes = {
	};
	objectVersion = 46;
	objects = {

/* Begin PBXBuildFile section */
		909CBA981A18090F00036238 /* Q3Map.cpp in Sources */ = {isa = PBXBuildFile; fileRef = 909CBA961A18090F00036238 /* Q3Map.cpp */; };
		90A00CD51A0D0C2F00555EE8 /* Camera.cpp in Sources */ = {isa = PBXBuildFile; fileRef = 90A00CBB1A0D0C2F00555EE8 /* Camera.cpp */; };
		90A00CD61A0D0C2F00555EE8 /* File.cpp in Sources */ = {isa = PBXBuildFile; fileRef = 90A00CBD1A0D0C2F00555EE8 /* File.cpp */; };
		90A00CD71A0D0C2F00555EE8 /* Input.cpp in Sources */ = {isa = PBXBuildFile; fileRef = 90A00CC01A0D0C2F00555EE8 /* Input.cpp */; };
		90A00CD81A0D0C2F00555EE8 /* Logger.cpp in Sources */ = {isa = PBXBuildFile; fileRef = 90A00CC21A0D0C2F00555EE8 /* Logger.cpp */; };
		90A00CD91A0D0C2F00555EE8 /* main.cpp in Sources */ = {isa = PBXBuildFile; fileRef = 90A00CC41A0D0C2F00555EE8 /* main.cpp */; };
		90A00CDA1A0D0C2F00555EE8 /* Physics.cpp in Sources */ = {isa = PBXBuildFile; fileRef = 90A00CC61A0D0C2F00555EE8 /* Physics.cpp */; };
		90A00CDB1A0D0C2F00555EE8 /* Q3Level.cpp in Sources */ = {isa = PBXBuildFile; fileRef = 90A00CC81A0D0C2F00555EE8 /* Q3Level.cpp */; };
		90A00CDC1A0D0C2F00555EE8 /* Q3Shader.cpp in Sources */ = {isa = PBXBuildFile; fileRef = 90A00CCA1A0D0C2F00555EE8 /* Q3Shader.cpp */; };
		90A00CDD1A0D0C2F00555EE8 /* Scene.cpp in Sources */ = {isa = PBXBuildFile; fileRef = 90A00CCC1A0D0C2F00555EE8 /* Scene.cpp */; };
		90A00CDE1A0D0C2F00555EE8 /* Texture.cpp in Sources */ = {isa = PBXBuildFile; fileRef = 90A00CCF1A0D0C2F00555EE8 /* Texture.cpp */; };
		90A00CDF1A0D0C2F00555EE8 /* Vector.cpp in Sources */ = {isa = PBXBuildFile; fileRef = 90A00CD11A0D0C2F00555EE8 /* Vector.cpp */; };
		90A00CE01A0D0C2F00555EE8 /* Video.cpp in Sources */ = {isa = PBXBuildFile; fileRef = 90A00CD31A0D0C2F00555EE8 /* Video.cpp */; };
		90A00CE21A0D0E0A00555EE8 /* libglfw.3.1.dylib in Frameworks */ = {isa = PBXBuildFile; fileRef = 90A00CE11A0D0E0A00555EE8 /* libglfw.3.1.dylib */; };
		90A00CE41A0D0E4400555EE8 /* libIL.a in Frameworks */ = {isa = PBXBuildFile; fileRef = 90A00CE31A0D0E4400555EE8 /* libIL.a */; };
		90CE54881A0D60DF00C234CF /* OpenGL.framework in Frameworks */ = {isa = PBXBuildFile; fileRef = 90CE54871A0D60DF00C234CF /* OpenGL.framework */; };
		90CE548B1A0E17B300C234CF /* Sprite.cpp in Sources */ = {isa = PBXBuildFile; fileRef = 90CE54891A0E17B300C234CF /* Sprite.cpp */; };
/* End PBXBuildFile section */

/* Begin PBXCopyFilesBuildPhase section */
		90D546961A0309DA00A5C159 /* CopyFiles */ = {
			isa = PBXCopyFilesBuildPhase;
			buildActionMask = 12;
			dstPath = /usr/share/man/man1/;
			dstSubfolderSpec = 0;
			files = (
			);
			runOnlyForDeploymentPostprocessing = 0;
		};
/* End PBXCopyFilesBuildPhase section */

/* Begin PBXFileReference section */
		909CBA951A16B9E900036238 /* unique.h */ = {isa = PBXFileReference; lastKnownFileType = sourcecode.c.h; name = unique.h; path = PixelEngine/unique.h; sourceTree = SOURCE_ROOT; };
		909CBA961A18090F00036238 /* Q3Map.cpp */ = {isa = PBXFileReference; fileEncoding = 4; lastKnownFileType = sourcecode.cpp.cpp; name = Q3Map.cpp; path = PixelEngine/Q3Map.cpp; sourceTree = SOURCE_ROOT; };
		909CBA971A18090F00036238 /* Q3Map.h */ = {isa = PBXFileReference; fileEncoding = 4; lastKnownFileType = sourcecode.c.h; name = Q3Map.h; path = PixelEngine/Q3Map.h; sourceTree = SOURCE_ROOT; };
		90A00CBB1A0D0C2F00555EE8 /* Camera.cpp */ = {isa = PBXFileReference; fileEncoding = 4; lastKnownFileType = sourcecode.cpp.cpp; name = Camera.cpp; path = PixelEngine/Camera.cpp; sourceTree = SOURCE_ROOT; };
		90A00CBC1A0D0C2F00555EE8 /* Camera.h */ = {isa = PBXFileReference; fileEncoding = 4; lastKnownFileType = sourcecode.c.h; name = Camera.h; path = PixelEngine/Camera.h; sourceTree = SOURCE_ROOT; };
		90A00CBD1A0D0C2F00555EE8 /* File.cpp */ = {isa = PBXFileReference; fileEncoding = 4; lastKnownFileType = sourcecode.cpp.cpp; name = File.cpp; path = PixelEngine/File.cpp; sourceTree = SOURCE_ROOT; };
		90A00CBE1A0D0C2F00555EE8 /* File.h */ = {isa = PBXFileReference; fileEncoding = 4; lastKnownFileType = sourcecode.c.h; name = File.h; path = PixelEngine/File.h; sourceTree = SOURCE_ROOT; };
		90A00CBF1A0D0C2F00555EE8 /* glext.h */ = {isa = PBXFileReference; fileEncoding = 4; lastKnownFileType = sourcecode.c.h; name = glext.h; path = PixelEngine/glext.h; sourceTree = SOURCE_ROOT; };
		90A00CC01A0D0C2F00555EE8 /* Input.cpp */ = {isa = PBXFileReference; fileEncoding = 4; lastKnownFileType = sourcecode.cpp.cpp; name = Input.cpp; path = PixelEngine/Input.cpp; sourceTree = SOURCE_ROOT; };
		90A00CC11A0D0C2F00555EE8 /* Input.h */ = {isa = PBXFileReference; fileEncoding = 4; lastKnownFileType = sourcecode.c.h; name = Input.h; path = PixelEngine/Input.h; sourceTree = SOURCE_ROOT; };
		90A00CC21A0D0C2F00555EE8 /* Logger.cpp */ = {isa = PBXFileReference; fileEncoding = 4; lastKnownFileType = sourcecode.cpp.cpp; name = Logger.cpp; path = PixelEngine/Logger.cpp; sourceTree = SOURCE_ROOT; };
		90A00CC31A0D0C2F00555EE8 /* Logger.h */ = {isa = PBXFileReference; fileEncoding = 4; lastKnownFileType = sourcecode.c.h; name = Logger.h; path = PixelEngine/Logger.h; sourceTree = SOURCE_ROOT; };
		90A00CC41A0D0C2F00555EE8 /* main.cpp */ = {isa = PBXFileReference; fileEncoding = 4; lastKnownFileType = sourcecode.cpp.cpp; name = main.cpp; path = PixelEngine/main.cpp; sourceTree = SOURCE_ROOT; };
		90A00CC51A0D0C2F00555EE8 /* main.h */ = {isa = PBXFileReference; fileEncoding = 4; lastKnownFileType = sourcecode.c.h; name = main.h; path = PixelEngine/main.h; sourceTree = SOURCE_ROOT; };
		90A00CC61A0D0C2F00555EE8 /* Physics.cpp */ = {isa = PBXFileReference; fileEncoding = 4; lastKnownFileType = sourcecode.cpp.cpp; name = Physics.cpp; path = PixelEngine/Physics.cpp; sourceTree = SOURCE_ROOT; };
		90A00CC71A0D0C2F00555EE8 /* Physics.h */ = {isa = PBXFileReference; fileEncoding = 4; lastKnownFileType = sourcecode.c.h; name = Physics.h; path = PixelEngine/Physics.h; sourceTree = SOURCE_ROOT; };
		90A00CC81A0D0C2F00555EE8 /* Q3Level.cpp */ = {isa = PBXFileReference; fileEncoding = 4; lastKnownFileType = sourcecode.cpp.cpp; name = Q3Level.cpp; path = PixelEngine/Q3Level.cpp; sourceTree = SOURCE_ROOT; };
		90A00CC91A0D0C2F00555EE8 /* Q3Level.h */ = {isa = PBXFileReference; fileEncoding = 4; lastKnownFileType = sourcecode.c.h; name = Q3Level.h; path = PixelEngine/Q3Level.h; sourceTree = SOURCE_ROOT; };
		90A00CCA1A0D0C2F00555EE8 /* Q3Shader.cpp */ = {isa = PBXFileReference; fileEncoding = 4; lastKnownFileType = sourcecode.cpp.cpp; name = Q3Shader.cpp; path = PixelEngine/Q3Shader.cpp; sourceTree = SOURCE_ROOT; };
		90A00CCB1A0D0C2F00555EE8 /* Q3Shader.h */ = {isa = PBXFileReference; fileEncoding = 4; lastKnownFileType = sourcecode.c.h; name = Q3Shader.h; path = PixelEngine/Q3Shader.h; sourceTree = SOURCE_ROOT; };
		90A00CCC1A0D0C2F00555EE8 /* Scene.cpp */ = {isa = PBXFileReference; fileEncoding = 4; lastKnownFileType = sourcecode.cpp.cpp; name = Scene.cpp; path = PixelEngine/Scene.cpp; sourceTree = SOURCE_ROOT; };
		90A00CCD1A0D0C2F00555EE8 /* Scene.h */ = {isa = PBXFileReference; fileEncoding = 4; lastKnownFileType = sourcecode.c.h; name = Scene.h; path = PixelEngine/Scene.h; sourceTree = SOURCE_ROOT; };
		90A00CCE1A0D0C2F00555EE8 /* Singleton.h */ = {isa = PBXFileReference; fileEncoding = 4; lastKnownFileType = sourcecode.c.h; name = Singleton.h; path = PixelEngine/Singleton.h; sourceTree = SOURCE_ROOT; };
		90A00CCF1A0D0C2F00555EE8 /* Texture.cpp */ = {isa = PBXFileReference; fileEncoding = 4; lastKnownFileType = sourcecode.cpp.cpp; name = Texture.cpp; path = PixelEngine/Texture.cpp; sourceTree = SOURCE_ROOT; };
		90A00CD01A0D0C2F00555EE8 /* Texture.h */ = {isa = PBXFileReference; fileEncoding = 4; lastKnownFileType = sourcecode.c.h; name = Texture.h; path = PixelEngine/Texture.h; sourceTree = SOURCE_ROOT; };
		90A00CD11A0D0C2F00555EE8 /* Vector.cpp */ = {isa = PBXFileReference; fileEncoding = 4; lastKnownFileType = sourcecode.cpp.cpp; name = Vector.cpp; path = PixelEngine/Vector.cpp; sourceTree = SOURCE_ROOT; };
		90A00CD21A0D0C2F00555EE8 /* Vector.h */ = {isa = PBXFileReference; fileEncoding = 4; lastKnownFileType = sourcecode.c.h; name = Vector.h; path = PixelEngine/Vector.h; sourceTree = SOURCE_ROOT; };
		90A00CD31A0D0C2F00555EE8 /* Video.cpp */ = {isa = PBXFileReference; fileEncoding = 4; lastKnownFileType = sourcecode.cpp.cpp; name = Video.cpp; path = PixelEngine/Video.cpp; sourceTree = SOURCE_ROOT; };
		90A00CD41A0D0C2F00555EE8 /* Video.h */ = {isa = PBXFileReference; fileEncoding = 4; lastKnownFileType = sourcecode.c.h; name = Video.h; path = PixelEngine/Video.h; sourceTree = SOURCE_ROOT; };
		90A00CE11A0D0E0A00555EE8 /* libglfw.3.1.dylib */ = {isa = PBXFileReference; lastKnownFileType = "compiled.mach-o.dylib"; name = libglfw.3.1.dylib; path = ../../../opt/local/lib/libglfw.3.1.dylib; sourceTree = "<group>"; };
		90A00CE31A0D0E4400555EE8 /* libIL.a */ = {isa = PBXFileReference; lastKnownFileType = archive.ar; name = libIL.a; path = ../../../opt/local/lib/libIL.a; sourceTree = "<group>"; };
		90CE54871A0D60DF00C234CF /* OpenGL.framework */ = {isa = PBXFileReference; lastKnownFileType = wrapper.framework; name = OpenGL.framework; path = System/Library/Frameworks/OpenGL.framework; sourceTree = SDKROOT; };
		90CE54891A0E17B300C234CF /* Sprite.cpp */ = {isa = PBXFileReference; fileEncoding = 4; lastKnownFileType = sourcecode.cpp.cpp; name = Sprite.cpp; path = PixelEngine/Sprite.cpp; sourceTree = SOURCE_ROOT; };
		90CE548A1A0E17B300C234CF /* Sprite.h */ = {isa = PBXFileReference; fileEncoding = 4; lastKnownFileType = sourcecode.c.h; name = Sprite.h; path = PixelEngine/Sprite.h; sourceTree = SOURCE_ROOT; };
		90D546981A0309DA00A5C159 /* pixelengine */ = {isa = PBXFileReference; explicitFileType = "compiled.mach-o.executable"; includeInIndex = 0; path = pixelengine; sourceTree = BUILT_PRODUCTS_DIR; };
/* End PBXFileReference section */

/* Begin PBXFrameworksBuildPhase section */
		90D546951A0309DA00A5C159 /* Frameworks */ = {
			isa = PBXFrameworksBuildPhase;
			buildActionMask = 2147483647;
			files = (
				90CE54881A0D60DF00C234CF /* OpenGL.framework in Frameworks */,
				90A00CE41A0D0E4400555EE8 /* libIL.a in Frameworks */,
				90A00CE21A0D0E0A00555EE8 /* libglfw.3.1.dylib in Frameworks */,
			);
			runOnlyForDeploymentPostprocessing = 0;
		};
/* End PBXFrameworksBuildPhase section */

/* Begin PBXGroup section */
		90D5468F1A0309DA00A5C159 = {
			isa = PBXGroup;
			children = (
				90CE54871A0D60DF00C234CF /* OpenGL.framework */,
				90A00CE31A0D0E4400555EE8 /* libIL.a */,
				90A00CE11A0D0E0A00555EE8 /* libglfw.3.1.dylib */,
				90D5469A1A0309DA00A5C159 /* pixelengine */,
				90D546991A0309DA00A5C159 /* Products */,
			);
			sourceTree = "<group>";
		};
		90D546991A0309DA00A5C159 /* Products */ = {
			isa = PBXGroup;
			children = (
				90D546981A0309DA00A5C159 /* pixelengine */,
			);
			name = Products;
			sourceTree = "<group>";
		};
		90D5469A1A0309DA00A5C159 /* pixelengine */ = {
			isa = PBXGroup;
			children = (
				90A00CBB1A0D0C2F00555EE8 /* Camera.cpp */,
				90A00CBC1A0D0C2F00555EE8 /* Camera.h */,
				90A00CBD1A0D0C2F00555EE8 /* File.cpp */,
				90A00CBE1A0D0C2F00555EE8 /* File.h */,
				90A00CBF1A0D0C2F00555EE8 /* glext.h */,
				90A00CC01A0D0C2F00555EE8 /* Input.cpp */,
				90A00CC11A0D0C2F00555EE8 /* Input.h */,
				90A00CC21A0D0C2F00555EE8 /* Logger.cpp */,
				90A00CC31A0D0C2F00555EE8 /* Logger.h */,
				90A00CC41A0D0C2F00555EE8 /* main.cpp */,
				90A00CC51A0D0C2F00555EE8 /* main.h */,
				90A00CC61A0D0C2F00555EE8 /* Physics.cpp */,
				90A00CC71A0D0C2F00555EE8 /* Physics.h */,
				90A00CC81A0D0C2F00555EE8 /* Q3Level.cpp */,
				90A00CC91A0D0C2F00555EE8 /* Q3Level.h */,
				90A00CCA1A0D0C2F00555EE8 /* Q3Shader.cpp */,
				90A00CCB1A0D0C2F00555EE8 /* Q3Shader.h */,
				90A00CCC1A0D0C2F00555EE8 /* Scene.cpp */,
				90A00CCD1A0D0C2F00555EE8 /* Scene.h */,
				90A00CCE1A0D0C2F00555EE8 /* Singleton.h */,
				90A00CCF1A0D0C2F00555EE8 /* Texture.cpp */,
				90A00CD01A0D0C2F00555EE8 /* Texture.h */,
				90A00CD11A0D0C2F00555EE8 /* Vector.cpp */,
				90A00CD21A0D0C2F00555EE8 /* Vector.h */,
				90A00CD31A0D0C2F00555EE8 /* Video.cpp */,
				90A00CD41A0D0C2F00555EE8 /* Video.h */,
				90CE54891A0E17B300C234CF /* Sprite.cpp */,
				90CE548A1A0E17B300C234CF /* Sprite.h */,
				909CBA951A16B9E900036238 /* unique.h */,
				909CBA961A18090F00036238 /* Q3Map.cpp */,
				909CBA971A18090F00036238 /* Q3Map.h */,
			);
			path = pixelengine;
			sourceTree = "<group>";
		};
/* End PBXGroup section */

/* Begin PBXNativeTarget section */
		90D546971A0309DA00A5C159 /* pixelengine */ = {
			isa = PBXNativeTarget;
			buildConfigurationList = 90D5469F1A0309DA00A5C159 /* Build configuration list for PBXNativeTarget "pixelengine" */;
			buildPhases = (
				90D546941A0309DA00A5C159 /* Sources */,
				90D546951A0309DA00A5C159 /* Frameworks */,
				90D546961A0309DA00A5C159 /* CopyFiles */,
			);
			buildRules = (
			);
			dependencies = (
			);
			name = pixelengine;
			productName = pixelengine;
			productReference = 90D546981A0309DA00A5C159 /* pixelengine */;
			productType = "com.apple.product-type.tool";
		};
/* End PBXNativeTarget section */

/* Begin PBXProject section */
		90D546901A0309DA00A5C159 /* Project object */ = {
			isa = PBXProject;
			attributes = {
				LastUpgradeCheck = 0610;
				ORGANIZATIONNAME = "Morgan Chopin";
				TargetAttributes = {
					90D546971A0309DA00A5C159 = {
						CreatedOnToolsVersion = 6.1;
					};
				};
			};
			buildConfigurationList = 90D546931A0309DA00A5C159 /* Build configuration list for PBXProject "pixelengine" */;
			compatibilityVersion = "Xcode 3.2";
			developmentRegion = English;
			hasScannedForEncodings = 0;
			knownRegions = (
				en,
			);
			mainGroup = 90D5468F1A0309DA00A5C159;
			productRefGroup = 90D546991A0309DA00A5C159 /* Products */;
			projectDirPath = "";
			projectRoot = "";
			targets = (
				90D546971A0309DA00A5C159 /* pixelengine */,
			);
		};
/* End PBXProject section */

/* Begin PBXSourcesBuildPhase section */
		90D546941A0309DA00A5C159 /* Sources */ = {
			isa = PBXSourcesBuildPhase;
			buildActionMask = 2147483647;
			files = (
				90A00CDC1A0D0C2F00555EE8 /* Q3Shader.cpp in Sources */,
				90A00CD71A0D0C2F00555EE8 /* Input.cpp in Sources */,
				90A00CD51A0D0C2F00555EE8 /* Camera.cpp in Sources */,
				90A00CD61A0D0C2F00555EE8 /* File.cpp in Sources */,
				90CE548B1A0E17B300C234CF /* Sprite.cpp in Sources */,
				90A00CDA1A0D0C2F00555EE8 /* Physics.cpp in Sources */,
				90A00CE01A0D0C2F00555EE8 /* Video.cpp in Sources */,
				90A00CDF1A0D0C2F00555EE8 /* Vector.cpp in Sources */,
				909CBA981A18090F00036238 /* Q3Map.cpp in Sources */,
				90A00CDE1A0D0C2F00555EE8 /* Texture.cpp in Sources */,
				90A00CD91A0D0C2F00555EE8 /* main.cpp in Sources */,
				90A00CDD1A0D0C2F00555EE8 /* Scene.cpp in Sources */,
				90A00CD81A0D0C2F00555EE8 /* Logger.cpp in Sources */,
				90A00CDB1A0D0C2F00555EE8 /* Q3Level.cpp in Sources */,
			);
			runOnlyForDeploymentPostprocessing = 0;
		};
/* End PBXSourcesBuildPhase section */

/* Begin XCBuildConfiguration section */
		90D5469D1A0309DA00A5C159 /* Debug */ = {
			isa = XCBuildConfiguration;
			buildSettings = {
				ALWAYS_SEARCH_USER_PATHS = NO;
				CLANG_CXX_LANGUAGE_STANDARD = "gnu++0x";
				CLANG_CXX_LIBRARY = "libc++";
				CLANG_ENABLE_MODULES = YES;
				CLANG_ENABLE_OBJC_ARC = YES;
				CLANG_WARN_BOOL_CONVERSION = YES;
				CLANG_WARN_CONSTANT_CONVERSION = YES;
				CLANG_WARN_DIRECT_OBJC_ISA_USAGE = YES_ERROR;
				CLANG_WARN_EMPTY_BODY = YES;
				CLANG_WARN_ENUM_CONVERSION = YES;
				CLANG_WARN_INT_CONVERSION = YES;
				CLANG_WARN_OBJC_ROOT_CLASS = YES_ERROR;
				CLANG_WARN_UNREACHABLE_CODE = YES;
				CLANG_WARN__DUPLICATE_METHOD_MATCH = YES;
				COPY_PHASE_STRIP = NO;
				ENABLE_STRICT_OBJC_MSGSEND = YES;
				GCC_C_LANGUAGE_STANDARD = gnu99;
				GCC_DYNAMIC_NO_PIC = NO;
				GCC_OPTIMIZATION_LEVEL = 0;
				GCC_PREPROCESSOR_DEFINITIONS = (
					"DEBUG=1",
					"$(inherited)",
				);
				GCC_SYMBOLS_PRIVATE_EXTERN = NO;
				GCC_WARN_64_TO_32_BIT_CONVERSION = YES;
				GCC_WARN_ABOUT_RETURN_TYPE = YES_ERROR;
				GCC_WARN_UNDECLARED_SELECTOR = YES;
				GCC_WARN_UNINITIALIZED_AUTOS = YES_AGGRESSIVE;
				GCC_WARN_UNUSED_FUNCTION = YES;
				GCC_WARN_UNUSED_VARIABLE = YES;
				MACOSX_DEPLOYMENT_TARGET = 10.10;
				MTL_ENABLE_DEBUG_INFO = YES;
				ONLY_ACTIVE_ARCH = YES;
				SDKROOT = macosx;
			};
			name = Debug;
		};
		90D5469E1A0309DA00A5C159 /* Release */ = {
			isa = XCBuildConfiguration;
			buildSettings = {
				ALWAYS_SEARCH_USER_PATHS = NO;
				CLANG_CXX_LANGUAGE_STANDARD = "gnu++0x";
				CLANG_CXX_LIBRARY = "libc++";
				CLANG_ENABLE_MODULES = YES;
				CLANG_ENABLE_OBJC_ARC = YES;
				CLANG_WARN_BOOL_CONVERSION = YES;
				CLANG_WARN_CONSTANT_CONVERSION = YES;
				CLANG_WARN_DIRECT_OBJC_ISA_USAGE = YES_ERROR;
				CLANG_WARN_EMPTY_BODY = YES;
				CLANG_WARN_ENUM_CONVERSION = YES;
				CLANG_WARN_INT_CONVERSION = YES;
				CLANG_WARN_OBJC_ROOT_CLASS = YES_ERROR;
				CLANG_WARN_UNREACHABLE_CODE = YES;
				CLANG_WARN__DUPLICATE_METHOD_MATCH = YES;
				COPY_PHASE_STRIP = YES;
				DEBUG_INFORMATION_FORMAT = "dwarf-with-dsym";
				ENABLE_NS_ASSERTIONS = NO;
				ENABLE_STRICT_OBJC_MSGSEND = YES;
				GCC_C_LANGUAGE_STANDARD = gnu99;
				GCC_WARN_64_TO_32_BIT_CONVERSION = YES;
				GCC_WARN_ABOUT_RETURN_TYPE = YES_ERROR;
				GCC_WARN_UNDECLARED_SELECTOR = YES;
				GCC_WARN_UNINITIALIZED_AUTOS = YES_AGGRESSIVE;
				GCC_WARN_UNUSED_FUNCTION = YES;
				GCC_WARN_UNUSED_VARIABLE = YES;
				MACOSX_DEPLOYMENT_TARGET = 10.10;
				MTL_ENABLE_DEBUG_INFO = NO;
				SDKROOT = macosx;
			};
			name = Release;
		};
		90D546A01A0309DA00A5C159 /* Debug */ = {
			isa = XCBuildConfiguration;
			buildSettings = {
				HEADER_SEARCH_PATHS = (
					"$(inherited)",
					/Applications/Xcode.app/Contents/Developer/Toolchains/XcodeDefault.xctoolchain/usr/include,
					/opt/local/include,
				);
				LIBRARY_SEARCH_PATHS = (
					"$(inherited)",
					/opt/local/lib,
				);
				PRODUCT_NAME = "$(TARGET_NAME)";
				SYMROOT = build;
			};
			name = Debug;
		};
		90D546A11A0309DA00A5C159 /* Release */ = {
			isa = XCBuildConfiguration;
			buildSettings = {
				HEADER_SEARCH_PATHS = (
					"$(inherited)",
					/Applications/Xcode.app/Contents/Developer/Toolchains/XcodeDefault.xctoolchain/usr/include,
					/opt/local/include,
				);
				LIBRARY_SEARCH_PATHS = (
					"$(inherited)",
					/opt/local/lib,
				);
				PRODUCT_NAME = "$(TARGET_NAME)";
				SYMROOT = build;
			};
			name = Release;
		};
/* End XCBuildConfiguration section */

/* Begin XCConfigurationList section */
		90D546931A0309DA00A5C159 /* Build configuration list for PBXProject "pixelengine" */ = {
			isa = XCConfigurationList;
			buildConfigurations = (
				90D5469D1A0309DA00A5C159 /* Debug */,
				90D5469E1A0309DA00A5C159 /* Release */,
			);
			defaultConfigurationIsVisible = 0;
			defaultConfigurationName = Release;
		};
		90D5469F1A0309DA00A5C159 /* Build configuration list for PBXNativeTarget "pixelengine" */ = {
			isa = XCConfigurationList;
			buildConfigurations = (
				90D546A01A0309DA00A5C159 /* Debug */,
				90D546A11A0309DA00A5C159 /* Release */,
			);
			defaultConfigurationIsVisible = 0;
			defaultConfigurationName = Release;
		};
/* End XCConfigurationList section */
	};
	rootObject = 90D546901A0309DA00A5C159 /* Project object */;
}
